{"version":4,"terraform_version":"1.11.3","serial":6,"lineage":"8bed9d06-a2b8-c601-2f35-29ce8d2d52f0","outputs":{},"resources":[{"mode":"managed","type":"openstack_compute_instance_v2","name":"server1","provider":"provider[\"registry.opentofu.org/terraform-provider-openstack/openstack\"]","instances":[{"schema_version":0,"attributes":{"access_ip_v4":"51.91.90.66","access_ip_v6":"","admin_pass":null,"all_metadata":{},"all_tags":[],"availability_zone":"nova","availability_zone_hints":null,"block_device":[],"config_drive":null,"flavor_id":"f847fe12-45f5-46ed-bbb6-0610e595298b","flavor_name":"small","floating_ip":null,"force_delete":false,"id":"1b7abc44-eaa9-4804-90ab-902a238c23f5","image_id":"c8f79c22-0e21-42ce-9797-ceb683b335a2","image_name":"Debian 13","key_pair":"isen","metadata":null,"name":"server1","network":[{"access_network":false,"fixed_ip_v4":"51.91.90.66","fixed_ip_v6":"","floating_ip":"","mac":"fa:16:3e:a7:42:9f","name":"public","port":"","uuid":"09d8416d-7442-4f96-8f87-4d47314feaf6"}],"network_mode":null,"personality":[],"power_state":"active","region":"","scheduler_hints":[],"security_groups":["allow_ssh_and_ping"],"stop_before_destroy":false,"tags":[],"timeouts":null,"user_data":null,"vendor_options":[],"volume":[]},"sensitive_attributes":[[{"type":"get_attr","value":"admin_pass"}]],"private":"eyJlMmJmYjczMC1lY2FhLTExZTYtOGY4OC0zNDM2M2JjN2M0YzAiOnsiY3JlYXRlIjoxODAwMDAwMDAwMDAwLCJkZWxldGUiOjE4MDAwMDAwMDAwMDAsInVwZGF0ZSI6MTgwMDAwMDAwMDAwMH19"}]},{"mode":"managed","type":"openstack_networking_secgroup_rule_v2","name":"allow_ping","provider":"provider[\"registry.opentofu.org/terraform-provider-openstack/openstack\"]","instances":[{"schema_version":0,"attributes":{"description":"","direction":"ingress","ethertype":"IPv4","id":"ffe7ff86-8bbe-4b1a-8dc0-0afcae8060cb","port_range_max":0,"port_range_min":0,"protocol":"icmp","region":"","remote_group_id":"","remote_ip_prefix":"0.0.0.0/0","security_group_id":"10b14eb0-1f77-43c0-9e03-f07be661d7de","tenant_id":"bc0daf877c1b4147ac5fcaa7419b0a5f","timeouts":null},"sensitive_attributes":[],"private":"eyJlMmJmYjczMC1lY2FhLTExZTYtOGY4OC0zNDM2M2JjN2M0YzAiOnsiZGVsZXRlIjo2MDAwMDAwMDAwMDB9fQ==","dependencies":["openstack_networking_secgroup_v2.allow_ssh_and_ping"]}]},{"mode":"managed","type":"openstack_networking_secgroup_rule_v2","name":"allow_ssh","provider":"provider[\"registry.opentofu.org/terraform-provider-openstack/openstack\"]","instances":[{"schema_version":0,"attributes":{"description":"","direction":"ingress","ethertype":"IPv4","id":"8b032a32-426f-4bc3-b97d-6014e5175840","port_range_max":22,"port_range_min":22,"protocol":"tcp","region":"","remote_group_id":"","remote_ip_prefix":"0.0.0.0/0","security_group_id":"10b14eb0-1f77-43c0-9e03-f07be661d7de","tenant_id":"bc0daf877c1b4147ac5fcaa7419b0a5f","timeouts":null},"sensitive_attributes":[],"private":"eyJlMmJmYjczMC1lY2FhLTExZTYtOGY4OC0zNDM2M2JjN2M0YzAiOnsiZGVsZXRlIjo2MDAwMDAwMDAwMDB9fQ==","dependencies":["openstack_networking_secgroup_v2.allow_ssh_and_ping"]}]},{"mode":"managed","type":"openstack_networking_secgroup_v2","name":"allow_ssh_and_ping","provider":"provider[\"registry.opentofu.org/terraform-provider-openstack/openstack\"]","instances":[{"schema_version":0,"attributes":{"all_tags":[],"delete_default_rules":null,"description":"Security group to allow SSH and ping","id":"10b14eb0-1f77-43c0-9e03-f07be661d7de","name":"allow_ssh_and_ping","region":"","tags":[],"tenant_id":"bc0daf877c1b4147ac5fcaa7419b0a5f","timeouts":null},"sensitive_attributes":[],"private":"eyJlMmJmYjczMC1lY2FhLTExZTYtOGY4OC0zNDM2M2JjN2M0YzAiOnsiZGVsZXRlIjo2MDAwMDAwMDAwMDB9fQ=="}]}],"check_results":null}
