{"version":4,"terraform_version":"1.11.3","serial":16,"lineage":"2168cc63-698b-628c-35ac-857b12ae879c","outputs":{"demo-flask-url":{"value":"http://51.91.90.92:8080","type":"string"}},"resources":[{"mode":"managed","type":"openstack_compute_instance_v2","name":"demo-flask","provider":"provider[\"registry.opentofu.org/terraform-provider-openstack/openstack\"]","instances":[{"schema_version":0,"attributes":{"access_ip_v4":"51.91.90.92","access_ip_v6":"","admin_pass":null,"all_metadata":{},"all_tags":[],"availability_zone":"nova","availability_zone_hints":null,"block_device":[],"config_drive":null,"flavor_id":"f847fe12-45f5-46ed-bbb6-0610e595298b","flavor_name":"small","floating_ip":null,"force_delete":false,"id":"29830a3b-060a-4216-8f27-48ec3ecb6b6f","image_id":"c8f79c22-0e21-42ce-9797-ceb683b335a2","image_name":"Debian 13","key_pair":"isen","metadata":null,"name":"demo-flask","network":[{"access_network":false,"fixed_ip_v4":"51.91.90.92","fixed_ip_v6":"","floating_ip":"","mac":"fa:16:3e:94:ba:2f","name":"public","port":"","uuid":"09d8416d-7442-4f96-8f87-4d47314feaf6"}],"network_mode":null,"personality":[],"power_state":"active","region":"","scheduler_hints":[],"security_groups":["d38a5d46-450d-4607-b3cc-0c6d6561f68b"],"stop_before_destroy":false,"tags":null,"timeouts":null,"user_data":"25fd7277a5bc61bd8cad2afd025d2e1d356631db","vendor_options":[],"volume":[]},"sensitive_attributes":[[{"type":"get_attr","value":"admin_pass"}]],"private":"eyJlMmJmYjczMC1lY2FhLTExZTYtOGY4OC0zNDM2M2JjN2M0YzAiOnsiY3JlYXRlIjoxODAwMDAwMDAwMDAwLCJkZWxldGUiOjE4MDAwMDAwMDAwMDAsInVwZGF0ZSI6MTgwMDAwMDAwMDAwMH19","dependencies":["openstack_networking_secgroup_v2.allow_ssh_and_ping"]}]},{"mode":"managed","type":"openstack_networking_secgroup_rule_v2","name":"allow_flask_8080","provider":"provider[\"registry.opentofu.org/terraform-provider-openstack/openstack\"]","instances":[{"schema_version":0,"attributes":{"description":"","direction":"ingress","ethertype":"IPv4","id":"b510a1ee-61e6-485f-b988-dc006de5fbfe","port_range_max":8080,"port_range_min":8080,"protocol":"tcp","region":"","remote_group_id":"","remote_ip_prefix":"0.0.0.0/0","security_group_id":"d38a5d46-450d-4607-b3cc-0c6d6561f68b","tenant_id":"bc0daf877c1b4147ac5fcaa7419b0a5f","timeouts":null},"sensitive_attributes":[],"private":"eyJlMmJmYjczMC1lY2FhLTExZTYtOGY4OC0zNDM2M2JjN2M0YzAiOnsiZGVsZXRlIjo2MDAwMDAwMDAwMDB9fQ==","dependencies":["openstack_networking_secgroup_v2.allow_ssh_and_ping"]}]},{"mode":"managed","type":"openstack_networking_secgroup_rule_v2","name":"allow_ping","provider":"provider[\"registry.opentofu.org/terraform-provider-openstack/openstack\"]","instances":[{"schema_version":0,"attributes":{"description":"","direction":"ingress","ethertype":"IPv4","id":"178ccc44-1df4-4ea0-8c97-5e6fff89126f","port_range_max":0,"port_range_min":0,"protocol":"icmp","region":"","remote_group_id":"","remote_ip_prefix":"0.0.0.0/0","security_group_id":"d38a5d46-450d-4607-b3cc-0c6d6561f68b","tenant_id":"bc0daf877c1b4147ac5fcaa7419b0a5f","timeouts":null},"sensitive_attributes":[],"private":"eyJlMmJmYjczMC1lY2FhLTExZTYtOGY4OC0zNDM2M2JjN2M0YzAiOnsiZGVsZXRlIjo2MDAwMDAwMDAwMDB9fQ==","dependencies":["openstack_networking_secgroup_v2.allow_ssh_and_ping"]}]},{"mode":"managed","type":"openstack_networking_secgroup_rule_v2","name":"allow_ssh","provider":"provider[\"registry.opentofu.org/terraform-provider-openstack/openstack\"]","instances":[{"schema_version":0,"attributes":{"description":"","direction":"ingress","ethertype":"IPv4","id":"ca9763d2-d1a2-4921-b950-ca29f66b00c6","port_range_max":22,"port_range_min":22,"protocol":"tcp","region":"","remote_group_id":"","remote_ip_prefix":"0.0.0.0/0","security_group_id":"d38a5d46-450d-4607-b3cc-0c6d6561f68b","tenant_id":"bc0daf877c1b4147ac5fcaa7419b0a5f","timeouts":null},"sensitive_attributes":[],"private":"eyJlMmJmYjczMC1lY2FhLTExZTYtOGY4OC0zNDM2M2JjN2M0YzAiOnsiZGVsZXRlIjo2MDAwMDAwMDAwMDB9fQ==","dependencies":["openstack_networking_secgroup_v2.allow_ssh_and_ping"]}]},{"mode":"managed","type":"openstack_networking_secgroup_v2","name":"allow_ssh_and_ping","provider":"provider[\"registry.opentofu.org/terraform-provider-openstack/openstack\"]","instances":[{"schema_version":0,"attributes":{"all_tags":[],"delete_default_rules":null,"description":"Security group to allow SSH and ping","id":"d38a5d46-450d-4607-b3cc-0c6d6561f68b","name":"allow_ssh_and_ping","region":"","tags":null,"tenant_id":"bc0daf877c1b4147ac5fcaa7419b0a5f","timeouts":null},"sensitive_attributes":[],"private":"eyJlMmJmYjczMC1lY2FhLTExZTYtOGY4OC0zNDM2M2JjN2M0YzAiOnsiZGVsZXRlIjo2MDAwMDAwMDAwMDB9fQ=="}]}],"check_results":null}
